# generated by rye
# use `rye lock` or `rye sync` to update this lockfile
#
# last locked with the following flags:
#   pre: false
#   features: []
#   all-features: false
#   with-sources: false
#   generate-hashes: false
#   universal: false

-e file:.
altair==5.5.0
    # via streamlit
attrs==25.1.0
    # via jsonschema
    # via referencing
blinker==1.9.0
    # via streamlit
cachetools==5.5.2
    # via streamlit
certifi==2025.1.31
    # via requests
cffi==1.17.1
    # via rpy2
charset-normalizer==3.4.1
    # via requests
click==8.1.8
    # via streamlit
gitdb==4.0.12
    # via gitpython
gitpython==3.1.44
    # via streamlit
idna==3.10
    # via requests
jinja2==3.1.5
    # via altair
    # via pydeck
    # via rpy2
joblib==1.4.2
    # via scikit-learn
jsonschema==4.23.0
    # via altair
jsonschema-specifications==2024.10.1
    # via jsonschema
markupsafe==3.0.2
    # via jinja2
narwhals==1.29.0
    # via altair
numpy==2.2.3
    # via pandas
    # via pydeck
    # via rdkit
    # via scikit-learn
    # via scipy
    # via streamlit
packaging==24.2
    # via altair
    # via streamlit
pandas==2.2.3
    # via streamlit
pillow==11.1.0
    # via rdkit
    # via streamlit
protobuf==5.29.3
    # via streamlit
pyarrow==19.0.1
    # via streamlit
pycparser==2.22
    # via cffi
pydeck==0.9.1
    # via streamlit
python-dateutil==2.9.0.post0
    # via pandas
pytz==2025.1
    # via pandas
    # via rpy2
pytz-deprecation-shim==0.1.0.post0
    # via tzlocal
rdkit==2024.9.5
    # via streamlit-starter-kit
referencing==0.36.2
    # via jsonschema
    # via jsonschema-specifications
requests==2.32.3
    # via streamlit
rpds-py==0.23.1
    # via jsonschema
    # via referencing
rpy2==3.5.12
    # via streamlit-starter-kit
scikit-learn==1.6.1
    # via streamlit-starter-kit
scipy==1.15.2
    # via scikit-learn
six==1.17.0
    # via python-dateutil
smmap==5.0.2
    # via gitdb
streamlit==1.43.0
    # via streamlit-ketcher
    # via streamlit-starter-kit
streamlit-ketcher==0.0.1
    # via streamlit-starter-kit
tenacity==9.0.0
    # via streamlit
threadpoolctl==3.5.0
    # via scikit-learn
toml==0.10.2
    # via streamlit
tornado==6.4.2
    # via streamlit
typing-extensions==4.12.2
    # via altair
    # via referencing
    # via streamlit
tzdata==2025.1
    # via pandas
    # via pytz-deprecation-shim
tzlocal==4.3.1
    # via rpy2
urllib3==2.3.0
    # via requests
watchdog==6.0.0
    # via streamlit
